// !$*UTF8*$!
{
	archiveVersion = 1;
	classes = {
	};
	objectVersion = 46;
	objects = {

/* Begin PBXBuildFile section */
		6AF41CAB1B57910900A79118 /* AppDelegate.swift in Sources */ = {isa = PBXBuildFile; fileRef = 6AF41CAA1B57910900A79118 /* AppDelegate.swift */; };
		6AF41CAD1B57910900A79118 /* ViewController.swift in Sources */ = {isa = PBXBuildFile; fileRef = 6AF41CAC1B57910900A79118 /* ViewController.swift */; };
		6AF41CB01B57910900A79118 /* Main.storyboard in Resources */ = {isa = PBXBuildFile; fileRef = 6AF41CAE1B57910900A79118 /* Main.storyboard */; };
		6AF41CB21B57910900A79118 /* Images.xcassets in Resources */ = {isa = PBXBuildFile; fileRef = 6AF41CB11B57910900A79118 /* Images.xcassets */; };
		6AF41CB51B57910900A79118 /* LaunchScreen.xib in Resources */ = {isa = PBXBuildFile; fileRef = 6AF41CB31B57910900A79118 /* LaunchScreen.xib */; };
		6AF41CC11B57910900A79118 /* pruebaTests.swift in Sources */ = {isa = PBXBuildFile; fileRef = 6AF41CC01B57910900A79118 /* pruebaTests.swift */; };
/* End PBXBuildFile section */

/* Begin PBXContainerItemProxy section */
		6AF41CBB1B57910900A79118 /* PBXContainerItemProxy */ = {
			isa = PBXContainerItemProxy;
			containerPortal = 6AF41C9D1B57910900A79118 /* Project object */;
			proxyType = 1;
			remoteGlobalIDString = 6AF41CA41B57910900A79118;
			remoteInfo = prueba;
		};
/* End PBXContainerItemProxy section */

/* Begin PBXFileReference section */
		6AF41CA51B57910900A79118 /* prueba.app */ = {isa = PBXFileReference; explicitFileType = wrapper.application; includeInIndex = 0; path = prueba.app; sourceTree = BUILT_PRODUCTS_DIR; };
		6AF41CA91B57910900A79118 /* Info.plist */ = {isa = PBXFileReference; lastKnownFileType = text.plist.xml; path = Info.plist; sourceTree = "<group>"; };
		6AF41CAA1B57910900A79118 /* AppDelegate.swift */ = {isa = PBXFileReference; lastKnownFileType = sourcecode.swift; path = AppDelegate.swift; sourceTree = "<group>"; };
		6AF41CAC1B57910900A79118 /* ViewController.swift */ = {isa = PBXFileReference; lastKnownFileType = sourcecode.swift; path = ViewController.swift; sourceTree = "<group>"; };
		6AF41CAF1B57910900A79118 /* Base */ = {isa = PBXFileReference; lastKnownFileType = file.storyboard; name = Base; path = Base.lproj/Main.storyboard; sourceTree = "<group>"; };
		6AF41CB11B57910900A79118 /* Images.xcassets */ = {isa = PBXFileReference; lastKnownFileType = folder.assetcatalog; path = Images.xcassets; sourceTree = "<group>"; };
		6AF41CB41B57910900A79118 /* Base */ = {isa = PBXFileReference; lastKnownFileType = file.xib; name = Base; path = Base.lproj/LaunchScreen.xib; sourceTree = "<group>"; };
		6AF41CBA1B57910900A79118 /* pruebaTests.xctest */ = {isa = PBXFileReference; explicitFileType = wrapper.cfbundle; includeInIndex = 0; path = pruebaTests.xctest; sourceTree = BUILT_PRODUCTS_DIR; };
		6AF41CBF1B57910900A79118 /* Info.plist */ = {isa = PBXFileReference; lastKnownFileType = text.plist.xml; path = Info.plist; sourceTree = "<group>"; };
		6AF41CC01B57910900A79118 /* pruebaTests.swift */ = {isa = PBXFileReference; lastKnownFileType = sourcecode.swift; path = pruebaTests.swift; sourceTree = "<group>"; };
/* End PBXFileReference section */

/* Begin PBXFrameworksBuildPhase section */
		6AF41CA21B57910900A79118 /* Frameworks */ = {
			isa = PBXFrameworksBuildPhase;
			buildActionMask = 2147483647;
			files = (
			);
			runOnlyForDeploymentPostprocessing = 0;
		};
		6AF41CB71B57910900A79118 /* Frameworks */ = {
			isa = PBXFrameworksBuildPhase;
			buildActionMask = 2147483647;
			files = (
			);
			runOnlyForDeploymentPostprocessing = 0;
		};
/* End PBXFrameworksBuildPhase section */

/* Begin PBXGroup section */
		6AF41C9C1B57910900A79118 = {
			isa = PBXGroup;
			children = (
				6AF41CA71B57910900A79118 /* prueba */,
				6AF41CBD1B57910900A79118 /* pruebaTests */,
				6AF41CA61B57910900A79118 /* Products */,
			);
			sourceTree = "<group>";
		};
		6AF41CA61B57910900A79118 /* Products */ = {
			isa = PBXGroup;
			children = (
				6AF41CA51B57910900A79118 /* prueba.app */,
				6AF41CBA1B57910900A79118 /* pruebaTests.xctest */,
			);
			name = Products;
			sourceTree = "<group>";
		};
		6AF41CA71B57910900A79118 /* prueba */ = {
			isa = PBXGroup;
			children = (
				6AF41CAA1B57910900A79118 /* AppDelegate.swift */,
				6AF41CAC1B57910900A79118 /* ViewController.swift */,
				6AF41CAE1B57910900A79118 /* Main.storyboard */,
				6AF41CB11B57910900A79118 /* Images.xcassets */,
				6AF41CB31B57910900A79118 /* LaunchScreen.xib */,
				6AF41CA81B57910900A79118 /* Supporting Files */,
			);
			path = prueba;
			sourceTree = "<group>";
		};
		6AF41CA81B57910900A79118 /* Supporting Files */ = {
			isa = PBXGroup;
			children = (
				6AF41CA91B57910900A79118 /* Info.plist */,
			);
			name = "Supporting Files";
			sourceTree = "<group>";
		};
		6AF41CBD1B57910900A79118 /* pruebaTests */ = {
			isa = PBXGroup;
			children = (
				6AF41CC01B57910900A79118 /* pruebaTests.swift */,
				6AF41CBE1B57910900A79118 /* Supporting Files */,
			);
			path = pruebaTests;
			sourceTree = "<group>";
		};
		6AF41CBE1B57910900A79118 /* Supporting Files */ = {
			isa = PBXGroup;
			children = (
				6AF41CBF1B57910900A79118 /* Info.plist */,
			);
			name = "Supporting Files";
			sourceTree = "<group>";
		};
/* End PBXGroup section */

/* Begin PBXNativeTarget section */
		6AF41CA41B57910900A79118 /* prueba */ = {
			isa = PBXNativeTarget;
			buildConfigurationList = 6AF41CC41B57910900A79118 /* Build configuration list for PBXNativeTarget "prueba" */;
			buildPhases = (
				6AF41CA11B57910900A79118 /* Sources */,
				6AF41CA21B57910900A79118 /* Frameworks */,
				6AF41CA31B57910900A79118 /* Resources */,
			);
			buildRules = (
			);
			dependencies = (
			);
			name = prueba;
			productName = prueba;
			productReference = 6AF41CA51B57910900A79118 /* prueba.app */;
			productType = "com.apple.product-type.application";
		};
		6AF41CB91B57910900A79118 /* pruebaTests */ = {
			isa = PBXNativeTarget;
			buildConfigurationList = 6AF41CC71B57910900A79118 /* Build configuration list for PBXNativeTarget "pruebaTests" */;
			buildPhases = (
				6AF41CB61B57910900A79118 /* Sources */,
				6AF41CB71B57910900A79118 /* Frameworks */,
				6AF41CB81B57910900A79118 /* Resources */,
			);
			buildRules = (
			);
			dependencies = (
				6AF41CBC1B57910900A79118 /* PBXTargetDependency */,
			);
			name = pruebaTests;
			productName = pruebaTests;
			productReference = 6AF41CBA1B57910900A79118 /* pruebaTests.xctest */;
			productType = "com.apple.product-type.bundle.unit-test";
		};
/* End PBXNativeTarget section */

/* Begin PBXProject section */
		6AF41C9D1B57910900A79118 /* Project object */ = {
			isa = PBXProject;
			attributes = {
				LastUpgradeCheck = 0640;
				ORGANIZATIONNAME = "vinicius gouveia de miranda";
				TargetAttributes = {
					6AF41CA41B57910900A79118 = {
						CreatedOnToolsVersion = 6.4;
					};
					6AF41CB91B57910900A79118 = {
						CreatedOnToolsVersion = 6.4;
						TestTargetID = 6AF41CA41B57910900A79118;
					};
				};
			};
			buildConfigurationList = 6AF41CA01B57910900A79118 /* Build configuration list for PBXProject "prueba" */;
			compatibilityVersion = "Xcode 3.2";
			developmentRegion = English;
			hasScannedForEncodings = 0;
			knownRegions = (
				en,
				Base,
			);
			mainGroup = 6AF41C9C1B57910900A79118;
			productRefGroup = 6AF41CA61B57910900A79118 /* Products */;
			projectDirPath = "";
			projectRoot = "";
			targets = (
				6AF41CA41B57910900A79118 /* prueba */,
				6AF41CB91B57910900A79118 /* pruebaTests */,
			);
		};
/* End PBXProject section */

/* Begin PBXResourcesBuildPhase section */
		6AF41CA31B57910900A79118 /* Resources */ = {
			isa = PBXResourcesBuildPhase;
			buildActionMask = 2147483647;
			files = (
				6AF41CB01B57910900A79118 /* Main.storyboard in Resources */,
				6AF41CB51B57910900A79118 /* LaunchScreen.xib in Resources */,
				6AF41CB21B57910900A79118 /* Images.xcassets in Resources */,
			);
			runOnlyForDeploymentPostprocessing = 0;
		};
		6AF41CB81B57910900A79118 /* Resources */ = {
			isa = PBXResourcesBuildPhase;
			buildActionMask = 2147483647;
			files = (
			);
			runOnlyForDeploymentPostprocessing = 0;
		};
/* End PBXResourcesBuildPhase section */

/* Begin PBXSourcesBuildPhase section */
		6AF41CA11B57910900A79118 /* Sources */ = {
			isa = PBXSourcesBuildPhase;
			buildActionMask = 2147483647;
			files = (
				6AF41CAD1B57910900A79118 /* ViewController.swift in Sources */,
				6AF41CAB1B57910900A79118 /* AppDelegate.swift in Sources */,
			);
			runOnlyForDeploymentPostprocessing = 0;
		};
		6AF41CB61B57910900A79118 /* Sources */ = {
			isa = PBXSourcesBuildPhase;
			buildActionMask = 2147483647;
			files = (
				6AF41CC11B57910900A79118 /* pruebaTests.swift in Sources */,
			);
			runOnlyForDeploymentPostprocessing = 0;
		};
/* End PBXSourcesBuildPhase section */

/* Begin PBXTargetDependency section */
		6AF41CBC1B57910900A79118 /* PBXTargetDependency */ = {
			isa = PBXTargetDependency;
			target = 6AF41CA41B57910900A79118 /* prueba */;
			targetProxy = 6AF41CBB1B57910900A79118 /* PBXContainerItemProxy */;
		};
/* End PBXTargetDependency section */

/* Begin PBXVariantGroup section */
		6AF41CAE1B57910900A79118 /* Main.storyboard */ = {
			isa = PBXVariantGroup;
			children = (
				6AF41CAF1B57910900A79118 /* Base */,
			);
			name = Main.storyboard;
			sourceTree = "<group>";
		};
		6AF41CB31B57910900A79118 /* LaunchScreen.xib */ = {
			isa = PBXVariantGroup;
			children = (
				6AF41CB41B57910900A79118 /* Base */,
			);
			name = LaunchScreen.xib;
			sourceTree = "<group>";
		};
/* End PBXVariantGroup section */

/* Begin XCBuildConfiguration section */
		6AF41CC21B57910900A79118 /* Debug */ = {
			isa = XCBuildConfiguration;
			buildSettings = {
				ALWAYS_SEARCH_USER_PATHS = NO;
				CLANG_CXX_LANGUAGE_STANDARD = "gnu++0x";
				CLANG_CXX_LIBRARY = "libc++";
				CLANG_ENABLE_MODULES = YES;
				CLANG_ENABLE_OBJC_ARC = YES;
				CLANG_WARN_BOOL_CONVERSION = YES;
				CLANG_WARN_CONSTANT_CONVERSION = YES;
				CLANG_WARN_DIRECT_OBJC_ISA_USAGE = YES_ERROR;
				CLANG_WARN_EMPTY_BODY = YES;
				CLANG_WARN_ENUM_CONVERSION = YES;
				CLANG_WARN_INT_CONVERSION = YES;
				CLANG_WARN_OBJC_ROOT_CLASS = YES_ERROR;
				CLANG_WARN_UNREACHABLE_CODE = YES;
				CLANG_WARN__DUPLICATE_METHOD_MATCH = YES;
				"CODE_SIGN_IDENTITY[sdk=iphoneos*]" = "iPhone Developer";
				COPY_PHASE_STRIP = NO;
				DEBUG_INFORMATION_FORMAT = "dwarf-with-dsym";
				ENABLE_STRICT_OBJC_MSGSEND = YES;
				GCC_C_LANGUAGE_STANDARD = gnu99;
				GCC_DYNAMIC_NO_PIC = NO;
				GCC_NO_COMMON_BLOCKS = YES;
				GCC_OPTIMIZATION_LEVEL = 0;
				GCC_PREPROCESSOR_DEFINITIONS = (
					"DEBUG=1",
					"$(inherited)",
				);
				GCC_SYMBOLS_PRIVATE_EXTERN = NO;
				GCC_WARN_64_TO_32_BIT_CONVERSION = YES;
				GCC_WARN_ABOUT_RETURN_TYPE = YES_ERROR;
				GCC_WARN_UNDECLARED_SELECTOR = YES;
				GCC_WARN_UNINITIALIZED_AUTOS = YES_AGGRESSIVE;
				GCC_WARN_UNUSED_FUNCTION = YES;
				GCC_WARN_UNUSED_VARIABLE = YES;
				IPHONEOS_DEPLOYMENT_TARGET = 8.4;
				MTL_ENABLE_DEBUG_INFO = YES;
				ONLY_ACTIVE_ARCH = YES;
				SDKROOT = iphoneos;
				SWIFT_OPTIMIZATION_LEVEL = "-Onone";
				TARGETED_DEVICE_FAMILY = "1,2";
			};
			name = Debug;
		};
		6AF41CC31B57910900A79118 /* Release */ = {
			isa = XCBuildConfiguration;
			buildSettings = {
				ALWAYS_SEARCH_USER_PATHS = NO;
				CLANG_CXX_LANGUAGE_STANDARD = "gnu++0x";
				CLANG_CXX_LIBRARY = "libc++";
				CLANG_ENABLE_MODULES = YES;
				CLANG_ENABLE_OBJC_ARC = YES;
				CLANG_WARN_BOOL_CONVERSION = YES;
				CLANG_WARN_CONSTANT_CONVERSION = YES;
				CLANG_WARN_DIRECT_OBJC_ISA_USAGE = YES_ERROR;
				CLANG_WARN_EMPTY_BODY = YES;
				CLANG_WARN_ENUM_CONVERSION = YES;
				CLANG_WARN_INT_CONVERSION = YES;
				CLANG_WARN_OBJC_ROOT_CLASS = YES_ERROR;
				CLANG_WARN_UNREACHABLE_CODE = YES;
				CLANG_WARN__DUPLICATE_METHOD_MATCH = YES;
				"CODE_SIGN_IDENTITY[sdk=iphoneos*]" = "iPhone Developer";
				COPY_PHASE_STRIP = NO;
				DEBUG_INFORMATION_FORMAT = "dwarf-with-dsym";
				ENABLE_NS_ASSERTIONS = NO;
				ENABLE_STRICT_OBJC_MSGSEND = YES;
				GCC_C_LANGUAGE_STANDARD = gnu99;
				GCC_NO_COMMON_BLOCKS = YES;
				GCC_WARN_64_TO_32_BIT_CONVERSION = YES;
				GCC_WARN_ABOUT_RETURN_TYPE = YES_ERROR;
				GCC_WARN_UNDECLARED_SELECTOR = YES;
				GCC_WARN_UNINITIALIZED_AUTOS = YES_AGGRESSIVE;
				GCC_WARN_UNUSED_FUNCTION = YES;
				GCC_WARN_UNUSED_VARIABLE = YES;
				IPHONEOS_DEPLOYMENT_TARGET = 8.4;
				MTL_ENABLE_DEBUG_INFO = NO;
				SDKROOT = iphoneos;
				TARGETED_DEVICE_FAMILY = "1,2";
				VALIDATE_PRODUCT = YES;
			};
			name = Release;
		};
		6AF41CC51B57910900A79118 /* Debug */ = {
			isa = XCBuildConfiguration;
			buildSettings = {
				ASSETCATALOG_COMPILER_APPICON_NAME = AppIcon;
				INFOPLIST_FILE = prueba/Info.plist;
				LD_RUNPATH_SEARCH_PATHS = "$(inherited) @executable_path/Frameworks";
				PRODUCT_NAME = "$(TARGET_NAME)";
			};
			name = Debug;
		};
		6AF41CC61B57910900A79118 /* Release */ = {
			isa = XCBuildConfiguration;
			buildSettings = {
				ASSETCATALOG_COMPILER_APPICON_NAME = AppIcon;
				INFOPLIST_FILE = prueba/Info.plist;
				LD_RUNPATH_SEARCH_PATHS = "$(inherited) @executable_path/Frameworks";
				PRODUCT_NAME = "$(TARGET_NAME)";
			};
			name = Release;
		};
		6AF41CC81B57910900A79118 /* Debug */ = {
			isa = XCBuildConfiguration;
			buildSettings = {
				BUNDLE_LOADER = "$(TEST_HOST)";
				FRAMEWORK_SEARCH_PATHS = (
					"$(SDKROOT)/Developer/Library/Frameworks",
					"$(inherited)",
				);
				GCC_PREPROCESSOR_DEFINITIONS = (
					"DEBUG=1",
					"$(inherited)",
				);
				INFOPLIST_FILE = pruebaTests/Info.plist;
				LD_RUNPATH_SEARCH_PATHS = "$(inherited) @executable_path/Frameworks @loader_path/Frameworks";
				PRODUCT_NAME = "$(TARGET_NAME)";
				TEST_HOST = "$(BUILT_PRODUCTS_DIR)/prueba.app/prueba";
			};
			name = Debug;
		};
		6AF41CC91B57910900A79118 /* Release */ = {
			isa = XCBuildConfiguration;
			buildSettings = {
				BUNDLE_LOADER = "$(TEST_HOST)";
				FRAMEWORK_SEARCH_PATHS = (
					"$(SDKROOT)/Developer/Library/Frameworks",
					"$(inherited)",
				);
				INFOPLIST_FILE = pruebaTests/Info.plist;
				LD_RUNPATH_SEARCH_PATHS = "$(inherited) @executable_path/Frameworks @loader_path/Frameworks";
				PRODUCT_NAME = "$(TARGET_NAME)";
				TEST_HOST = "$(BUILT_PRODUCTS_DIR)/prueba.app/prueba";
			};
			name = Release;
		};
/* End XCBuildConfiguration section */

/* Begin XCConfigurationList section */
		6AF41CA01B57910900A79118 /* Build configuration list for PBXProject "prueba" */ = {
			isa = XCConfigurationList;
			buildConfigurations = (
				6AF41CC21B57910900A79118 /* Debug */,
				6AF41CC31B57910900A79118 /* Release */,
			);
			defaultConfigurationIsVisible = 0;
			defaultConfigurationName = Release;
		};
		6AF41CC41B57910900A79118 /* Build configuration list for PBXNativeTarget "prueba" */ = {
			isa = XCConfigurationList;
			buildConfigurations = (
				6AF41CC51B57910900A79118 /* Debug */,
				6AF41CC61B57910900A79118 /* Release */,
			);
			defaultConfigurationIsVisible = 0;
		};
		6AF41CC71B57910900A79118 /* Build configuration list for PBXNativeTarget "pruebaTests" */ = {
			isa = XCConfigurationList;
			buildConfigurations = (
				6AF41CC81B57910900A79118 /* Debug */,
				6AF41CC91B57910900A79118 /* Release */,
			);
			defaultConfigurationIsVisible = 0;
		};
/* End XCConfigurationList section */
	};
	rootObject = 6AF41C9D1B57910900A79118 /* Project object */;
}
